// !$*UTF8*$!
{
	archiveVersion = 1;
	classes = {
	};
	objectVersion = 50;
	objects = {

/* Begin PBXBuildFile section */
		203B7529210A380B00C10B9A /* AppDelegate.swift in Sources */ = {isa = PBXBuildFile; fileRef = 203B7528210A380B00C10B9A /* AppDelegate.swift */; };
		203B752B210A380B00C10B9A /* ViewController.swift in Sources */ = {isa = PBXBuildFile; fileRef = 203B752A210A380B00C10B9A /* ViewController.swift */; };
		203B752E210A380B00C10B9A /* Main.storyboard in Resources */ = {isa = PBXBuildFile; fileRef = 203B752C210A380B00C10B9A /* Main.storyboard */; };
		203B7530210A381A00C10B9A /* Assets.xcassets in Resources */ = {isa = PBXBuildFile; fileRef = 203B752F210A381A00C10B9A /* Assets.xcassets */; };
		203B7533210A381A00C10B9A /* LaunchScreen.storyboard in Resources */ = {isa = PBXBuildFile; fileRef = 203B7531210A381A00C10B9A /* LaunchScreen.storyboard */; };
		203B753B210A43C600C10B9A /* StarView.xib in Resources */ = {isa = PBXBuildFile; fileRef = 203B753A210A43C600C10B9A /* StarView.xib */; };
		203B753D210A4A3400C10B9A /* StarView.swift in Sources */ = {isa = PBXBuildFile; fileRef = 203B753C210A4A3400C10B9A /* StarView.swift */; };
/* End PBXBuildFile section */

/* Begin PBXFileReference section */
		203B7525210A380B00C10B9A /* ProjetoWebService.app */ = {isa = PBXFileReference; explicitFileType = wrapper.application; includeInIndex = 0; path = ProjetoWebService.app; sourceTree = BUILT_PRODUCTS_DIR; };
		203B7528210A380B00C10B9A /* AppDelegate.swift */ = {isa = PBXFileReference; lastKnownFileType = sourcecode.swift; path = AppDelegate.swift; sourceTree = "<group>"; };
		203B752A210A380B00C10B9A /* ViewController.swift */ = {isa = PBXFileReference; lastKnownFileType = sourcecode.swift; path = ViewController.swift; sourceTree = "<group>"; };
		203B752D210A380B00C10B9A /* Base */ = {isa = PBXFileReference; lastKnownFileType = file.storyboard; name = Base; path = Base.lproj/Main.storyboard; sourceTree = "<group>"; };
		203B752F210A381A00C10B9A /* Assets.xcassets */ = {isa = PBXFileReference; lastKnownFileType = folder.assetcatalog; path = Assets.xcassets; sourceTree = "<group>"; };
		203B7532210A381A00C10B9A /* Base */ = {isa = PBXFileReference; lastKnownFileType = file.storyboard; name = Base; path = Base.lproj/LaunchScreen.storyboard; sourceTree = "<group>"; };
		203B7534210A381A00C10B9A /* Info.plist */ = {isa = PBXFileReference; lastKnownFileType = text.plist.xml; path = Info.plist; sourceTree = "<group>"; };
		203B753A210A43C600C10B9A /* StarView.xib */ = {isa = PBXFileReference; lastKnownFileType = file.xib; path = StarView.xib; sourceTree = "<group>"; };
		203B753C210A4A3400C10B9A /* StarView.swift */ = {isa = PBXFileReference; lastKnownFileType = sourcecode.swift; path = StarView.swift; sourceTree = "<group>"; };
/* End PBXFileReference section */

/* Begin PBXFrameworksBuildPhase section */
		203B7522210A380B00C10B9A /* Frameworks */ = {
			isa = PBXFrameworksBuildPhase;
			buildActionMask = 2147483647;
			files = (
			);
			runOnlyForDeploymentPostprocessing = 0;
		};
/* End PBXFrameworksBuildPhase section */

/* Begin PBXGroup section */
		203B751C210A380B00C10B9A = {
			isa = PBXGroup;
			children = (
				203B7527210A380B00C10B9A /* ProjetoWebService */,
				203B7526210A380B00C10B9A /* Products */,
			);
			sourceTree = "<group>";
		};
		203B7526210A380B00C10B9A /* Products */ = {
			isa = PBXGroup;
			children = (
				203B7525210A380B00C10B9A /* ProjetoWebService.app */,
			);
			name = Products;
			sourceTree = "<group>";
		};
		203B7527210A380B00C10B9A /* ProjetoWebService */ = {
			isa = PBXGroup;
			children = (
				203B7528210A380B00C10B9A /* AppDelegate.swift */,
				203B752A210A380B00C10B9A /* ViewController.swift */,
				203B752C210A380B00C10B9A /* Main.storyboard */,
				203B752F210A381A00C10B9A /* Assets.xcassets */,
				203B7531210A381A00C10B9A /* LaunchScreen.storyboard */,
				203B7534210A381A00C10B9A /* Info.plist */,
				203B753E210A4A4100C10B9A /* Star */,
			);
			path = ProjetoWebService;
			sourceTree = "<group>";
		};
		203B753E210A4A4100C10B9A /* Star */ = {
			isa = PBXGroup;
			children = (
				203B753A210A43C600C10B9A /* StarView.xib */,
				203B753C210A4A3400C10B9A /* StarView.swift */,
			);
			path = Star;
			sourceTree = "<group>";
		};
/* End PBXGroup section */

/* Begin PBXNativeTarget section */
		203B7524210A380B00C10B9A /* ProjetoWebService */ = {
			isa = PBXNativeTarget;
			buildConfigurationList = 203B7537210A381A00C10B9A /* Build configuration list for PBXNativeTarget "ProjetoWebService" */;
			buildPhases = (
				203B7521210A380B00C10B9A /* Sources */,
				203B7522210A380B00C10B9A /* Frameworks */,
				203B7523210A380B00C10B9A /* Resources */,
			);
			buildRules = (
			);
			dependencies = (
			);
			name = ProjetoWebService;
			productName = ProjetoWebService;
			productReference = 203B7525210A380B00C10B9A /* ProjetoWebService.app */;
			productType = "com.apple.product-type.application";
		};
/* End PBXNativeTarget section */

/* Begin PBXProject section */
		203B751D210A380B00C10B9A /* Project object */ = {
			isa = PBXProject;
			attributes = {
				LastSwiftUpdateCheck = 0940;
				LastUpgradeCheck = 0940;
				ORGANIZATIONNAME = cursoIOS;
				TargetAttributes = {
					203B7524210A380B00C10B9A = {
						CreatedOnToolsVersion = 9.4.1;
					};
				};
			};
			buildConfigurationList = 203B7520210A380B00C10B9A /* Build configuration list for PBXProject "ProjetoWebService" */;
			compatibilityVersion = "Xcode 9.3";
			developmentRegion = en;
			hasScannedForEncodings = 0;
			knownRegions = (
				en,
				Base,
			);
			mainGroup = 203B751C210A380B00C10B9A;
			productRefGroup = 203B7526210A380B00C10B9A /* Products */;
			projectDirPath = "";
			projectRoot = "";
			targets = (
				203B7524210A380B00C10B9A /* ProjetoWebService */,
			);
		};
/* End PBXProject section */

/* Begin PBXResourcesBuildPhase section */
		203B7523210A380B00C10B9A /* Resources */ = {
			isa = PBXResourcesBuildPhase;
			buildActionMask = 2147483647;
			files = (
				203B753B210A43C600C10B9A /* StarView.xib in Resources */,
				203B7533210A381A00C10B9A /* LaunchScreen.storyboard in Resources */,
				203B7530210A381A00C10B9A /* Assets.xcassets in Resources */,
				203B752E210A380B00C10B9A /* Main.storyboard in Resources */,
			);
			runOnlyForDeploymentPostprocessing = 0;
		};
/* End PBXResourcesBuildPhase section */

/* Begin PBXSourcesBuildPhase section */
		203B7521210A380B00C10B9A /* Sources */ = {
			isa = PBXSourcesBuildPhase;
			buildActionMask = 2147483647;
			files = (
				203B753D210A4A3400C10B9A /* StarView.swift in Sources */,
				203B752B210A380B00C10B9A /* ViewController.swift in Sources */,
				203B7529210A380B00C10B9A /* AppDelegate.swift in Sources */,
			);
			runOnlyForDeploymentPostprocessing = 0;
		};
/* End PBXSourcesBuildPhase section */

/* Begin PBXVariantGroup section */
		203B752C210A380B00C10B9A /* Main.storyboard */ = {
			isa = PBXVariantGroup;
			children = (
				203B752D210A380B00C10B9A /* Base */,
			);
			name = Main.storyboard;
			sourceTree = "<group>";
		};
		203B7531210A381A00C10B9A /* LaunchScreen.storyboard */ = {
			isa = PBXVariantGroup;
			children = (
				203B7532210A381A00C10B9A /* Base */,
			);
			name = LaunchScreen.storyboard;
			sourceTree = "<group>";
		};
/* End PBXVariantGroup section */

/* Begin XCBuildConfiguration section */
		203B7535210A381A00C10B9A /* Debug */ = {
			isa = XCBuildConfiguration;
			buildSettings = {
				ALWAYS_SEARCH_USER_PATHS = NO;
				CLANG_ANALYZER_NONNULL = YES;
				CLANG_ANALYZER_NUMBER_OBJECT_CONVERSION = YES_AGGRESSIVE;
				CLANG_CXX_LANGUAGE_STANDARD = "gnu++14";
				CLANG_CXX_LIBRARY = "libc++";
				CLANG_ENABLE_MODULES = YES;
				CLANG_ENABLE_OBJC_ARC = YES;
				CLANG_ENABLE_OBJC_WEAK = YES;
				CLANG_WARN_BLOCK_CAPTURE_AUTORELEASING = YES;
				CLANG_WARN_BOOL_CONVERSION = YES;
				CLANG_WARN_COMMA = YES;
				CLANG_WARN_CONSTANT_CONVERSION = YES;
				CLANG_WARN_DEPRECATED_OBJC_IMPLEMENTATIONS = YES;
				CLANG_WARN_DIRECT_OBJC_ISA_USAGE = YES_ERROR;
				CLANG_WARN_DOCUMENTATION_COMMENTS = YES;
				CLANG_WARN_EMPTY_BODY = YES;
				CLANG_WARN_ENUM_CONVERSION = YES;
				CLANG_WARN_INFINITE_RECURSION = YES;
				CLANG_WARN_INT_CONVERSION = YES;
				CLANG_WARN_NON_LITERAL_NULL_CONVERSION = YES;
				CLANG_WARN_OBJC_IMPLICIT_RETAIN_SELF = YES;
				CLANG_WARN_OBJC_LITERAL_CONVERSION = YES;
				CLANG_WARN_OBJC_ROOT_CLASS = YES_ERROR;
				CLANG_WARN_RANGE_LOOP_ANALYSIS = YES;
				CLANG_WARN_STRICT_PROTOTYPES = YES;
				CLANG_WARN_SUSPICIOUS_MOVE = YES;
				CLANG_WARN_UNGUARDED_AVAILABILITY = YES_AGGRESSIVE;
				CLANG_WARN_UNREACHABLE_CODE = YES;
				CLANG_WARN__DUPLICATE_METHOD_MATCH = YES;
				CODE_SIGN_IDENTITY = "iPhone Developer";
				COPY_PHASE_STRIP = NO;
				DEBUG_INFORMATION_FORMAT = dwarf;
				ENABLE_STRICT_OBJC_MSGSEND = YES;
				ENABLE_TESTABILITY = YES;
				GCC_C_LANGUAGE_STANDARD = gnu11;
				GCC_DYNAMIC_NO_PIC = NO;
				GCC_NO_COMMON_BLOCKS = YES;
				GCC_OPTIMIZATION_LEVEL = 0;
				GCC_PREPROCESSOR_DEFINITIONS = (
					"DEBUG=1",
					"$(inherited)",
				);
				GCC_WARN_64_TO_32_BIT_CONVERSION = YES;
				GCC_WARN_ABOUT_RETURN_TYPE = YES_ERROR;
				GCC_WARN_UNDECLARED_SELECTOR = YES;
				GCC_WARN_UNINITIALIZED_AUTOS = YES_AGGRESSIVE;
				GCC_WARN_UNUSED_FUNCTION = YES;
				GCC_WARN_UNUSED_VARIABLE = YES;
				IPHONEOS_DEPLOYMENT_TARGET = 11.4;
				MTL_ENABLE_DEBUG_INFO = YES;
				ONLY_ACTIVE_ARCH = YES;
				SDKROOT = iphoneos;
				SWIFT_ACTIVE_COMPILATION_CONDITIONS = DEBUG;
				SWIFT_OPTIMIZATION_LEVEL = "-Onone";
			};
			name = Debug;
		};
		203B7536210A381A00C10B9A /* Release */ = {
			isa = XCBuildConfiguration;
			buildSettings = {
				ALWAYS_SEARCH_USER_PATHS = NO;
				CLANG_ANALYZER_NONNULL = YES;
				CLANG_ANALYZER_NUMBER_OBJECT_CONVERSION = YES_AGGRESSIVE;
				CLANG_CXX_LANGUAGE_STANDARD = "gnu++14";
				CLANG_CXX_LIBRARY = "libc++";
				CLANG_ENABLE_MODULES = YES;
				CLANG_ENABLE_OBJC_ARC = YES;
				CLANG_ENABLE_OBJC_WEAK = YES;
				CLANG_WARN_BLOCK_CAPTURE_AUTORELEASING = YES;
				CLANG_WARN_BOOL_CONVERSION = YES;
				CLANG_WARN_COMMA = YES;
				CLANG_WARN_CONSTANT_CONVERSION = YES;
				CLANG_WARN_DEPRECATED_OBJC_IMPLEMENTATIONS = YES;
				CLANG_WARN_DIRECT_OBJC_ISA_USAGE = YES_ERROR;
				CLANG_WARN_DOCUMENTATION_COMMENTS = YES;
				CLANG_WARN_EMPTY_BODY = YES;
				CLANG_WARN_ENUM_CONVERSION = YES;
				CLANG_WARN_INFINITE_RECURSION = YES;
				CLANG_WARN_INT_CONVERSION = YES;
				CLANG_WARN_NON_LITERAL_NULL_CONVERSION = YES;
				CLANG_WARN_OBJC_IMPLICIT_RETAIN_SELF = YES;
				CLANG_WARN_OBJC_LITERAL_CONVERSION = YES;
				CLANG_WARN_OBJC_ROOT_CLASS = YES_ERROR;
				CLANG_WARN_RANGE_LOOP_ANALYSIS = YES;
				CLANG_WARN_STRICT_PROTOTYPES = YES;
				CLANG_WARN_SUSPICIOUS_MOVE = YES;
				CLANG_WARN_UNGUARDED_AVAILABILITY = YES_AGGRESSIVE;
				CLANG_WARN_UNREACHABLE_CODE = YES;
				CLANG_WARN__DUPLICATE_METHOD_MATCH = YES;
				CODE_SIGN_IDENTITY = "iPhone Developer";
				COPY_PHASE_STRIP = NO;
				DEBUG_INFORMATION_FORMAT = "dwarf-with-dsym";
				ENABLE_NS_ASSERTIONS = NO;
				ENABLE_STRICT_OBJC_MSGSEND = YES;
				GCC_C_LANGUAGE_STANDARD = gnu11;
				GCC_NO_COMMON_BLOCKS = YES;
				GCC_WARN_64_TO_32_BIT_CONVERSION = YES;
				GCC_WARN_ABOUT_RETURN_TYPE = YES_ERROR;
				GCC_WARN_UNDECLARED_SELECTOR = YES;
				GCC_WARN_UNINITIALIZED_AUTOS = YES_AGGRESSIVE;
				GCC_WARN_UNUSED_FUNCTION = YES;
				GCC_WARN_UNUSED_VARIABLE = YES;
				IPHONEOS_DEPLOYMENT_TARGET = 11.4;
				MTL_ENABLE_DEBUG_INFO = NO;
				SDKROOT = iphoneos;
				SWIFT_COMPILATION_MODE = wholemodule;
				SWIFT_OPTIMIZATION_LEVEL = "-O";
				VALIDATE_PRODUCT = YES;
			};
			name = Release;
		};
		203B7538210A381A00C10B9A /* Debug */ = {
			isa = XCBuildConfiguration;
			buildSettings = {
				ASSETCATALOG_COMPILER_APPICON_NAME = AppIcon;
				CODE_SIGN_STYLE = Automatic;
				DEVELOPMENT_TEAM = 435KK8SSN6;
				INFOPLIST_FILE = ProjetoWebService/Info.plist;
				LD_RUNPATH_SEARCH_PATHS = (
					"$(inherited)",
					"@executable_path/Frameworks",
				);
				PRODUCT_BUNDLE_IDENTIFIER = io.github.guilhermebferreira.ProjetoWebService;
				PRODUCT_NAME = "$(TARGET_NAME)";
				SWIFT_VERSION = 4.0;
				TARGETED_DEVICE_FAMILY = "1,2";
			};
			name = Debug;
		};
		203B7539210A381A00C10B9A /* Release */ = {
			isa = XCBuildConfiguration;
			buildSettings = {
				ASSETCATALOG_COMPILER_APPICON_NAME = AppIcon;
				CODE_SIGN_STYLE = Automatic;
				DEVELOPMENT_TEAM = 435KK8SSN6;
				INFOPLIST_FILE = ProjetoWebService/Info.plist;
				LD_RUNPATH_SEARCH_PATHS = (
					"$(inherited)",
					"@executable_path/Frameworks",
				);
				PRODUCT_BUNDLE_IDENTIFIER = io.github.guilhermebferreira.ProjetoWebService;
				PRODUCT_NAME = "$(TARGET_NAME)";
				SWIFT_VERSION = 4.0;
				TARGETED_DEVICE_FAMILY = "1,2";
			};
			name = Release;
		};
/* End XCBuildConfiguration section */

/* Begin XCConfigurationList section */
		203B7520210A380B00C10B9A /* Build configuration list for PBXProject "ProjetoWebService" */ = {
			isa = XCConfigurationList;
			buildConfigurations = (
				203B7535210A381A00C10B9A /* Debug */,
				203B7536210A381A00C10B9A /* Release */,
			);
			defaultConfigurationIsVisible = 0;
			defaultConfigurationName = Release;
		};
		203B7537210A381A00C10B9A /* Build configuration list for PBXNativeTarget "ProjetoWebService" */ = {
			isa = XCConfigurationList;
			buildConfigurations = (
				203B7538210A381A00C10B9A /* Debug */,
				203B7539210A381A00C10B9A /* Release */,
			);
			defaultConfigurationIsVisible = 0;
			defaultConfigurationName = Release;
		};
/* End XCConfigurationList section */
	};
	rootObject = 203B751D210A380B00C10B9A /* Project object */;
}
