// !$*UTF8*$!
{
	archiveVersion = 1;
	classes = {
	};
	objectVersion = 50;
	objects = {

/* Begin PBXBuildFile section */
		203B7529210A380B00C10B9A /* AppDelegate.swift in Sources */ = {isa = PBXBuildFile; fileRef = 203B7528210A380B00C10B9A /* AppDelegate.swift */; };
		203B752B210A380B00C10B9A /* ViewController.swift in Sources */ = {isa = PBXBuildFile; fileRef = 203B752A210A380B00C10B9A /* ViewController.swift */; };
		203B752E210A380B00C10B9A /* Main.storyboard in Resources */ = {isa = PBXBuildFile; fileRef = 203B752C210A380B00C10B9A /* Main.storyboard */; };
		203B7530210A381A00C10B9A /* Assets.xcassets in Resources */ = {isa = PBXBuildFile; fileRef = 203B752F210A381A00C10B9A /* Assets.xcassets */; };
		203B7533210A381A00C10B9A /* LaunchScreen.storyboard in Resources */ = {isa = PBXBuildFile; fileRef = 203B7531210A381A00C10B9A /* LaunchScreen.storyboard */; };
		203B7542210A54BB00C10B9A /* StarView.xib in Resources */ = {isa = PBXBuildFile; fileRef = 203B7540210A54BA00C10B9A /* StarView.xib */; };
		203B7543210A54BB00C10B9A /* StarView.swift in Sources */ = {isa = PBXBuildFile; fileRef = 203B7541210A54BA00C10B9A /* StarView.swift */; };
		203B7545210B407E00C10B9A /* Item.swift in Sources */ = {isa = PBXBuildFile; fileRef = 203B7544210B407E00C10B9A /* Item.swift */; };
		203B7547210B416E00C10B9A /* Company.swift in Sources */ = {isa = PBXBuildFile; fileRef = 203B7546210B416E00C10B9A /* Company.swift */; };
		203B7549210B567C00C10B9A /* StarCell.swift in Sources */ = {isa = PBXBuildFile; fileRef = 203B7548210B567C00C10B9A /* StarCell.swift */; };
		9F37FBB79C9E2EC7CADECB5B /* Pods_ProjetoWebService.framework in Frameworks */ = {isa = PBXBuildFile; fileRef = CC584F38945F5CD5640A9829 /* Pods_ProjetoWebService.framework */; };
/* End PBXBuildFile section */

/* Begin PBXFileReference section */
		203B7525210A380B00C10B9A /* ProjetoWebService.app */ = {isa = PBXFileReference; explicitFileType = wrapper.application; includeInIndex = 0; path = ProjetoWebService.app; sourceTree = BUILT_PRODUCTS_DIR; };
		203B7528210A380B00C10B9A /* AppDelegate.swift */ = {isa = PBXFileReference; lastKnownFileType = sourcecode.swift; path = AppDelegate.swift; sourceTree = "<group>"; };
		203B752A210A380B00C10B9A /* ViewController.swift */ = {isa = PBXFileReference; lastKnownFileType = sourcecode.swift; path = ViewController.swift; sourceTree = "<group>"; };
		203B752D210A380B00C10B9A /* Base */ = {isa = PBXFileReference; lastKnownFileType = file.storyboard; name = Base; path = Base.lproj/Main.storyboard; sourceTree = "<group>"; };
		203B752F210A381A00C10B9A /* Assets.xcassets */ = {isa = PBXFileReference; lastKnownFileType = folder.assetcatalog; path = Assets.xcassets; sourceTree = "<group>"; };
		203B7532210A381A00C10B9A /* Base */ = {isa = PBXFileReference; lastKnownFileType = file.storyboard; name = Base; path = Base.lproj/LaunchScreen.storyboard; sourceTree = "<group>"; };
		203B7534210A381A00C10B9A /* Info.plist */ = {isa = PBXFileReference; lastKnownFileType = text.plist.xml; path = Info.plist; sourceTree = "<group>"; };
		203B7540210A54BA00C10B9A /* StarView.xib */ = {isa = PBXFileReference; fileEncoding = 4; lastKnownFileType = file.xib; name = StarView.xib; path = ../StarView.xib; sourceTree = "<group>"; };
		203B7541210A54BA00C10B9A /* StarView.swift */ = {isa = PBXFileReference; fileEncoding = 4; lastKnownFileType = sourcecode.swift; name = StarView.swift; path = ../StarView.swift; sourceTree = "<group>"; };
		203B7544210B407E00C10B9A /* Item.swift */ = {isa = PBXFileReference; lastKnownFileType = sourcecode.swift; path = Item.swift; sourceTree = "<group>"; };
		203B7546210B416E00C10B9A /* Company.swift */ = {isa = PBXFileReference; lastKnownFileType = sourcecode.swift; path = Company.swift; sourceTree = "<group>"; };
		203B7548210B567C00C10B9A /* StarCell.swift */ = {isa = PBXFileReference; lastKnownFileType = sourcecode.swift; path = StarCell.swift; sourceTree = "<group>"; };
		5DF0430DAECFBB90B0DDA83A /* Pods-ProjetoWebService.debug.xcconfig */ = {isa = PBXFileReference; includeInIndex = 1; lastKnownFileType = text.xcconfig; name = "Pods-ProjetoWebService.debug.xcconfig"; path = "Pods/Target Support Files/Pods-ProjetoWebService/Pods-ProjetoWebService.debug.xcconfig"; sourceTree = "<group>"; };
		616B49887DE7E31D17360B03 /* Pods-ProjetoWebService.release.xcconfig */ = {isa = PBXFileReference; includeInIndex = 1; lastKnownFileType = text.xcconfig; name = "Pods-ProjetoWebService.release.xcconfig"; path = "Pods/Target Support Files/Pods-ProjetoWebService/Pods-ProjetoWebService.release.xcconfig"; sourceTree = "<group>"; };
		CC584F38945F5CD5640A9829 /* Pods_ProjetoWebService.framework */ = {isa = PBXFileReference; explicitFileType = wrapper.framework; includeInIndex = 0; path = Pods_ProjetoWebService.framework; sourceTree = BUILT_PRODUCTS_DIR; };
/* End PBXFileReference section */

/* Begin PBXFrameworksBuildPhase section */
		203B7522210A380B00C10B9A /* Frameworks */ = {
			isa = PBXFrameworksBuildPhase;
			buildActionMask = 2147483647;
			files = (
				9F37FBB79C9E2EC7CADECB5B /* Pods_ProjetoWebService.framework in Frameworks */,
			);
			runOnlyForDeploymentPostprocessing = 0;
		};
/* End PBXFrameworksBuildPhase section */

/* Begin PBXGroup section */
		1DEF26824740ED49F8C7538C /* Pods */ = {
			isa = PBXGroup;
			children = (
				5DF0430DAECFBB90B0DDA83A /* Pods-ProjetoWebService.debug.xcconfig */,
				616B49887DE7E31D17360B03 /* Pods-ProjetoWebService.release.xcconfig */,
			);
			name = Pods;
			sourceTree = "<group>";
		};
		203B751C210A380B00C10B9A = {
			isa = PBXGroup;
			children = (
				203B7527210A380B00C10B9A /* ProjetoWebService */,
				203B7526210A380B00C10B9A /* Products */,
				1DEF26824740ED49F8C7538C /* Pods */,
				B92E297A78128ADB736F3F6C /* Frameworks */,
			);
			sourceTree = "<group>";
		};
		203B7526210A380B00C10B9A /* Products */ = {
			isa = PBXGroup;
			children = (
				203B7525210A380B00C10B9A /* ProjetoWebService.app */,
			);
			name = Products;
			sourceTree = "<group>";
		};
		203B7527210A380B00C10B9A /* ProjetoWebService */ = {
			isa = PBXGroup;
			children = (
				203B7528210A380B00C10B9A /* AppDelegate.swift */,
				203B752A210A380B00C10B9A /* ViewController.swift */,
				203B752C210A380B00C10B9A /* Main.storyboard */,
				203B752F210A381A00C10B9A /* Assets.xcassets */,
				203B7531210A381A00C10B9A /* LaunchScreen.storyboard */,
				203B7534210A381A00C10B9A /* Info.plist */,
				203B753F210A54A400C10B9A /* Star */,
				203B7544210B407E00C10B9A /* Item.swift */,
				203B7546210B416E00C10B9A /* Company.swift */,
				203B7548210B567C00C10B9A /* StarCell.swift */,
			);
			path = ProjetoWebService;
			sourceTree = "<group>";
		};
		203B753F210A54A400C10B9A /* Star */ = {
			isa = PBXGroup;
			children = (
				203B7541210A54BA00C10B9A /* StarView.swift */,
				203B7540210A54BA00C10B9A /* StarView.xib */,
			);
			name = Star;
			path = ../../../../.Trash/Star;
			sourceTree = "<group>";
		};
		B92E297A78128ADB736F3F6C /* Frameworks */ = {
			isa = PBXGroup;
			children = (
				CC584F38945F5CD5640A9829 /* Pods_ProjetoWebService.framework */,
			);
			name = Frameworks;
			sourceTree = "<group>";
		};
/* End PBXGroup section */

/* Begin PBXNativeTarget section */
		203B7524210A380B00C10B9A /* ProjetoWebService */ = {
			isa = PBXNativeTarget;
			buildConfigurationList = 203B7537210A381A00C10B9A /* Build configuration list for PBXNativeTarget "ProjetoWebService" */;
			buildPhases = (
				D5B15E52BC3883CFC0ABAB7B /* [CP] Check Pods Manifest.lock */,
				203B7521210A380B00C10B9A /* Sources */,
				203B7522210A380B00C10B9A /* Frameworks */,
				203B7523210A380B00C10B9A /* Resources */,
				570C5AC98B2CFA63198F917E /* [CP] Embed Pods Frameworks */,
			);
			buildRules = (
			);
			dependencies = (
			);
			name = ProjetoWebService;
			productName = ProjetoWebService;
			productReference = 203B7525210A380B00C10B9A /* ProjetoWebService.app */;
			productType = "com.apple.product-type.application";
		};
/* End PBXNativeTarget section */

/* Begin PBXProject section */
		203B751D210A380B00C10B9A /* Project object */ = {
			isa = PBXProject;
			attributes = {
				LastSwiftUpdateCheck = 0940;
				LastUpgradeCheck = 0940;
				ORGANIZATIONNAME = cursoIOS;
				TargetAttributes = {
					203B7524210A380B00C10B9A = {
						CreatedOnToolsVersion = 9.4.1;
					};
				};
			};
			buildConfigurationList = 203B7520210A380B00C10B9A /* Build configuration list for PBXProject "ProjetoWebService" */;
			compatibilityVersion = "Xcode 9.3";
			developmentRegion = en;
			hasScannedForEncodings = 0;
			knownRegions = (
				en,
				Base,
			);
			mainGroup = 203B751C210A380B00C10B9A;
			productRefGroup = 203B7526210A380B00C10B9A /* Products */;
			projectDirPath = "";
			projectRoot = "";
			targets = (
				203B7524210A380B00C10B9A /* ProjetoWebService */,
			);
		};
/* End PBXProject section */

/* Begin PBXResourcesBuildPhase section */
		203B7523210A380B00C10B9A /* Resources */ = {
			isa = PBXResourcesBuildPhase;
			buildActionMask = 2147483647;
			files = (
				203B7533210A381A00C10B9A /* LaunchScreen.storyboard in Resources */,
				203B7530210A381A00C10B9A /* Assets.xcassets in Resources */,
				203B7542210A54BB00C10B9A /* StarView.xib in Resources */,
				203B752E210A380B00C10B9A /* Main.storyboard in Resources */,
			);
			runOnlyForDeploymentPostprocessing = 0;
		};
/* End PBXResourcesBuildPhase section */

/* Begin PBXShellScriptBuildPhase section */
		570C5AC98B2CFA63198F917E /* [CP] Embed Pods Frameworks */ = {
			isa = PBXShellScriptBuildPhase;
			buildActionMask = 2147483647;
			files = (
			);
			inputPaths = (
				"${SRCROOT}/Pods/Target Support Files/Pods-ProjetoWebService/Pods-ProjetoWebService-frameworks.sh",
				"${BUILT_PRODUCTS_DIR}/Alamofire/Alamofire.framework",
				"${BUILT_PRODUCTS_DIR}/AlamofireImage/AlamofireImage.framework",
			);
			name = "[CP] Embed Pods Frameworks";
			outputPaths = (
				"${TARGET_BUILD_DIR}/${FRAMEWORKS_FOLDER_PATH}/Alamofire.framework",
				"${TARGET_BUILD_DIR}/${FRAMEWORKS_FOLDER_PATH}/AlamofireImage.framework",
			);
			runOnlyForDeploymentPostprocessing = 0;
			shellPath = /bin/sh;
			shellScript = "\"${SRCROOT}/Pods/Target Support Files/Pods-ProjetoWebService/Pods-ProjetoWebService-frameworks.sh\"\n";
			showEnvVarsInLog = 0;
		};
		D5B15E52BC3883CFC0ABAB7B /* [CP] Check Pods Manifest.lock */ = {
			isa = PBXShellScriptBuildPhase;
			buildActionMask = 2147483647;
			files = (
			);
			inputPaths = (
				"${PODS_PODFILE_DIR_PATH}/Podfile.lock",
				"${PODS_ROOT}/Manifest.lock",
			);
			name = "[CP] Check Pods Manifest.lock";
			outputPaths = (
				"$(DERIVED_FILE_DIR)/Pods-ProjetoWebService-checkManifestLockResult.txt",
			);
			runOnlyForDeploymentPostprocessing = 0;
			shellPath = /bin/sh;
			shellScript = "diff \"${PODS_PODFILE_DIR_PATH}/Podfile.lock\" \"${PODS_ROOT}/Manifest.lock\" > /dev/null\nif [ $? != 0 ] ; then\n    # print error to STDERR\n    echo \"error: The sandbox is not in sync with the Podfile.lock. Run 'pod install' or update your CocoaPods installation.\" >&2\n    exit 1\nfi\n# This output is used by Xcode 'outputs' to avoid re-running this script phase.\necho \"SUCCESS\" > \"${SCRIPT_OUTPUT_FILE_0}\"\n";
			showEnvVarsInLog = 0;
		};
/* End PBXShellScriptBuildPhase section */

/* Begin PBXSourcesBuildPhase section */
		203B7521210A380B00C10B9A /* Sources */ = {
			isa = PBXSourcesBuildPhase;
			buildActionMask = 2147483647;
			files = (
				203B7545210B407E00C10B9A /* Item.swift in Sources */,
				203B7549210B567C00C10B9A /* StarCell.swift in Sources */,
				203B7543210A54BB00C10B9A /* StarView.swift in Sources */,
				203B752B210A380B00C10B9A /* ViewController.swift in Sources */,
				203B7547210B416E00C10B9A /* Company.swift in Sources */,
				203B7529210A380B00C10B9A /* AppDelegate.swift in Sources */,
			);
			runOnlyForDeploymentPostprocessing = 0;
		};
/* End PBXSourcesBuildPhase section */

/* Begin PBXVariantGroup section */
		203B752C210A380B00C10B9A /* Main.storyboard */ = {
			isa = PBXVariantGroup;
			children = (
				203B752D210A380B00C10B9A /* Base */,
			);
			name = Main.storyboard;
			sourceTree = "<group>";
		};
		203B7531210A381A00C10B9A /* LaunchScreen.storyboard */ = {
			isa = PBXVariantGroup;
			children = (
				203B7532210A381A00C10B9A /* Base */,
			);
			name = LaunchScreen.storyboard;
			sourceTree = "<group>";
		};
/* End PBXVariantGroup section */

/* Begin XCBuildConfiguration section */
		203B7535210A381A00C10B9A /* Debug */ = {
			isa = XCBuildConfiguration;
			buildSettings = {
				ALWAYS_SEARCH_USER_PATHS = NO;
				CLANG_ANALYZER_NONNULL = YES;
				CLANG_ANALYZER_NUMBER_OBJECT_CONVERSION = YES_AGGRESSIVE;
				CLANG_CXX_LANGUAGE_STANDARD = "gnu++14";
				CLANG_CXX_LIBRARY = "libc++";
				CLANG_ENABLE_MODULES = YES;
				CLANG_ENABLE_OBJC_ARC = YES;
				CLANG_ENABLE_OBJC_WEAK = YES;
				CLANG_WARN_BLOCK_CAPTURE_AUTORELEASING = YES;
				CLANG_WARN_BOOL_CONVERSION = YES;
				CLANG_WARN_COMMA = YES;
				CLANG_WARN_CONSTANT_CONVERSION = YES;
				CLANG_WARN_DEPRECATED_OBJC_IMPLEMENTATIONS = YES;
				CLANG_WARN_DIRECT_OBJC_ISA_USAGE = YES_ERROR;
				CLANG_WARN_DOCUMENTATION_COMMENTS = YES;
				CLANG_WARN_EMPTY_BODY = YES;
				CLANG_WARN_ENUM_CONVERSION = YES;
				CLANG_WARN_INFINITE_RECURSION = YES;
				CLANG_WARN_INT_CONVERSION = YES;
				CLANG_WARN_NON_LITERAL_NULL_CONVERSION = YES;
				CLANG_WARN_OBJC_IMPLICIT_RETAIN_SELF = YES;
				CLANG_WARN_OBJC_LITERAL_CONVERSION = YES;
				CLANG_WARN_OBJC_ROOT_CLASS = YES_ERROR;
				CLANG_WARN_RANGE_LOOP_ANALYSIS = YES;
				CLANG_WARN_STRICT_PROTOTYPES = YES;
				CLANG_WARN_SUSPICIOUS_MOVE = YES;
				CLANG_WARN_UNGUARDED_AVAILABILITY = YES_AGGRESSIVE;
				CLANG_WARN_UNREACHABLE_CODE = YES;
				CLANG_WARN__DUPLICATE_METHOD_MATCH = YES;
				CODE_SIGN_IDENTITY = "iPhone Developer";
				COPY_PHASE_STRIP = NO;
				DEBUG_INFORMATION_FORMAT = dwarf;
				ENABLE_STRICT_OBJC_MSGSEND = YES;
				ENABLE_TESTABILITY = YES;
				GCC_C_LANGUAGE_STANDARD = gnu11;
				GCC_DYNAMIC_NO_PIC = NO;
				GCC_NO_COMMON_BLOCKS = YES;
				GCC_OPTIMIZATION_LEVEL = 0;
				GCC_PREPROCESSOR_DEFINITIONS = (
					"DEBUG=1",
					"$(inherited)",
				);
				GCC_WARN_64_TO_32_BIT_CONVERSION = YES;
				GCC_WARN_ABOUT_RETURN_TYPE = YES_ERROR;
				GCC_WARN_UNDECLARED_SELECTOR = YES;
				GCC_WARN_UNINITIALIZED_AUTOS = YES_AGGRESSIVE;
				GCC_WARN_UNUSED_FUNCTION = YES;
				GCC_WARN_UNUSED_VARIABLE = YES;
				IPHONEOS_DEPLOYMENT_TARGET = 11.4;
				MTL_ENABLE_DEBUG_INFO = YES;
				ONLY_ACTIVE_ARCH = YES;
				SDKROOT = iphoneos;
				SWIFT_ACTIVE_COMPILATION_CONDITIONS = DEBUG;
				SWIFT_OPTIMIZATION_LEVEL = "-Onone";
			};
			name = Debug;
		};
		203B7536210A381A00C10B9A /* Release */ = {
			isa = XCBuildConfiguration;
			buildSettings = {
				ALWAYS_SEARCH_USER_PATHS = NO;
				CLANG_ANALYZER_NONNULL = YES;
				CLANG_ANALYZER_NUMBER_OBJECT_CONVERSION = YES_AGGRESSIVE;
				CLANG_CXX_LANGUAGE_STANDARD = "gnu++14";
				CLANG_CXX_LIBRARY = "libc++";
				CLANG_ENABLE_MODULES = YES;
				CLANG_ENABLE_OBJC_ARC = YES;
				CLANG_ENABLE_OBJC_WEAK = YES;
				CLANG_WARN_BLOCK_CAPTURE_AUTORELEASING = YES;
				CLANG_WARN_BOOL_CONVERSION = YES;
				CLANG_WARN_COMMA = YES;
				CLANG_WARN_CONSTANT_CONVERSION = YES;
				CLANG_WARN_DEPRECATED_OBJC_IMPLEMENTATIONS = YES;
				CLANG_WARN_DIRECT_OBJC_ISA_USAGE = YES_ERROR;
				CLANG_WARN_DOCUMENTATION_COMMENTS = YES;
				CLANG_WARN_EMPTY_BODY = YES;
				CLANG_WARN_ENUM_CONVERSION = YES;
				CLANG_WARN_INFINITE_RECURSION = YES;
				CLANG_WARN_INT_CONVERSION = YES;
				CLANG_WARN_NON_LITERAL_NULL_CONVERSION = YES;
				CLANG_WARN_OBJC_IMPLICIT_RETAIN_SELF = YES;
				CLANG_WARN_OBJC_LITERAL_CONVERSION = YES;
				CLANG_WARN_OBJC_ROOT_CLASS = YES_ERROR;
				CLANG_WARN_RANGE_LOOP_ANALYSIS = YES;
				CLANG_WARN_STRICT_PROTOTYPES = YES;
				CLANG_WARN_SUSPICIOUS_MOVE = YES;
				CLANG_WARN_UNGUARDED_AVAILABILITY = YES_AGGRESSIVE;
				CLANG_WARN_UNREACHABLE_CODE = YES;
				CLANG_WARN__DUPLICATE_METHOD_MATCH = YES;
				CODE_SIGN_IDENTITY = "iPhone Developer";
				COPY_PHASE_STRIP = NO;
				DEBUG_INFORMATION_FORMAT = "dwarf-with-dsym";
				ENABLE_NS_ASSERTIONS = NO;
				ENABLE_STRICT_OBJC_MSGSEND = YES;
				GCC_C_LANGUAGE_STANDARD = gnu11;
				GCC_NO_COMMON_BLOCKS = YES;
				GCC_WARN_64_TO_32_BIT_CONVERSION = YES;
				GCC_WARN_ABOUT_RETURN_TYPE = YES_ERROR;
				GCC_WARN_UNDECLARED_SELECTOR = YES;
				GCC_WARN_UNINITIALIZED_AUTOS = YES_AGGRESSIVE;
				GCC_WARN_UNUSED_FUNCTION = YES;
				GCC_WARN_UNUSED_VARIABLE = YES;
				IPHONEOS_DEPLOYMENT_TARGET = 11.4;
				MTL_ENABLE_DEBUG_INFO = NO;
				SDKROOT = iphoneos;
				SWIFT_COMPILATION_MODE = wholemodule;
				SWIFT_OPTIMIZATION_LEVEL = "-O";
				VALIDATE_PRODUCT = YES;
			};
			name = Release;
		};
		203B7538210A381A00C10B9A /* Debug */ = {
			isa = XCBuildConfiguration;
			baseConfigurationReference = 5DF0430DAECFBB90B0DDA83A /* Pods-ProjetoWebService.debug.xcconfig */;
			buildSettings = {
				ASSETCATALOG_COMPILER_APPICON_NAME = AppIcon;
				CODE_SIGN_STYLE = Automatic;
				DEVELOPMENT_TEAM = 435KK8SSN6;
				INFOPLIST_FILE = ProjetoWebService/Info.plist;
				LD_RUNPATH_SEARCH_PATHS = (
					"$(inherited)",
					"@executable_path/Frameworks",
				);
				PRODUCT_BUNDLE_IDENTIFIER = io.github.guilhermebferreira.ProjetoWebService;
				PRODUCT_NAME = "$(TARGET_NAME)";
				SWIFT_VERSION = 4.0;
				TARGETED_DEVICE_FAMILY = "1,2";
			};
			name = Debug;
		};
		203B7539210A381A00C10B9A /* Release */ = {
			isa = XCBuildConfiguration;
			baseConfigurationReference = 616B49887DE7E31D17360B03 /* Pods-ProjetoWebService.release.xcconfig */;
			buildSettings = {
				ASSETCATALOG_COMPILER_APPICON_NAME = AppIcon;
				CODE_SIGN_STYLE = Automatic;
				DEVELOPMENT_TEAM = 435KK8SSN6;
				INFOPLIST_FILE = ProjetoWebService/Info.plist;
				LD_RUNPATH_SEARCH_PATHS = (
					"$(inherited)",
					"@executable_path/Frameworks",
				);
				PRODUCT_BUNDLE_IDENTIFIER = io.github.guilhermebferreira.ProjetoWebService;
				PRODUCT_NAME = "$(TARGET_NAME)";
				SWIFT_VERSION = 4.0;
				TARGETED_DEVICE_FAMILY = "1,2";
			};
			name = Release;
		};
/* End XCBuildConfiguration section */

/* Begin XCConfigurationList section */
		203B7520210A380B00C10B9A /* Build configuration list for PBXProject "ProjetoWebService" */ = {
			isa = XCConfigurationList;
			buildConfigurations = (
				203B7535210A381A00C10B9A /* Debug */,
				203B7536210A381A00C10B9A /* Release */,
			);
			defaultConfigurationIsVisible = 0;
			defaultConfigurationName = Release;
		};
		203B7537210A381A00C10B9A /* Build configuration list for PBXNativeTarget "ProjetoWebService" */ = {
			isa = XCConfigurationList;
			buildConfigurations = (
				203B7538210A381A00C10B9A /* Debug */,
				203B7539210A381A00C10B9A /* Release */,
			);
			defaultConfigurationIsVisible = 0;
			defaultConfigurationName = Release;
		};
/* End XCConfigurationList section */
	};
	rootObject = 203B751D210A380B00C10B9A /* Project object */;
}
